
Microsoft Visual Studio Solution File, Format Version 12.00
# Visual Studio Version 17
VisualStudioVersion = 17.5.33424.131
MinimumVisualStudioVersion = 10.0.40219.1
Project("{FAE04EC0-301F-11D3-BF4B-00C04F79EFBC}") = "DepoQuick.Frontend", "DepoQuick.Frontend\DepoQuick.Frontend.csproj", "{C0BB660C-FBD3-4A27-A9A3-27C38C5E9D60}"
EndProject
Project("{FAE04EC0-301F-11D3-BF4B-00C04F79EFBC}") = "DepoQuick.Tests", "DepoQuick.Tests\DepoQuick.Tests.csproj", "{15EDC2CB-36CB-4589-BE56-ECDBCDB76728}"
EndProject
Project("{FAE04EC0-301F-11D3-BF4B-00C04F79EFBC}") = "DepoQuick.Backend", "DepoQuick.Backend\DepoQuick.Backend.csproj", "{8FFEAD70-0CE0-4F74-BBC6-77CBFE2CC96E}"
EndProject
Project("{FAE04EC0-301F-11D3-BF4B-00C04F79EFBC}") = "DepoQuick.Models", "DepoQuick.Models\DepoQuick.Models.csproj", "{D7EBDE0C-7CA0-43A7-B4F8-24BFEFE81FC2}"
EndProject
Project("{FAE04EC0-301F-11D3-BF4B-00C04F79EFBC}") = "DepoQuick.DataAccess", "DepoQuick.DataAccess\DepoQuick.DataAccess.csproj", "{5822D024-D5B9-4E38-AF45-8553D30915EF}"
EndProject
Global
	GlobalSection(SolutionConfigurationPlatforms) = preSolution
		Debug|Any CPU = Debug|Any CPU
		Release|Any CPU = Release|Any CPU
	EndGlobalSection
	GlobalSection(ProjectConfigurationPlatforms) = postSolution
		{C0BB660C-FBD3-4A27-A9A3-27C38C5E9D60}.Debug|Any CPU.ActiveCfg = Debug|Any CPU
		{C0BB660C-FBD3-4A27-A9A3-27C38C5E9D60}.Debug|Any CPU.Build.0 = Debug|Any CPU
		{C0BB660C-FBD3-4A27-A9A3-27C38C5E9D60}.Release|Any CPU.ActiveCfg = Release|Any CPU
		{C0BB660C-FBD3-4A27-A9A3-27C38C5E9D60}.Release|Any CPU.Build.0 = Release|Any CPU
		{15EDC2CB-36CB-4589-BE56-ECDBCDB76728}.Debug|Any CPU.ActiveCfg = Debug|Any CPU
		{15EDC2CB-36CB-4589-BE56-ECDBCDB76728}.Debug|Any CPU.Build.0 = Debug|Any CPU
		{15EDC2CB-36CB-4589-BE56-ECDBCDB76728}.Release|Any CPU.ActiveCfg = Release|Any CPU
		{15EDC2CB-36CB-4589-BE56-ECDBCDB76728}.Release|Any CPU.Build.0 = Release|Any CPU
		{8FFEAD70-0CE0-4F74-BBC6-77CBFE2CC96E}.Debug|Any CPU.ActiveCfg = Debug|Any CPU
		{8FFEAD70-0CE0-4F74-BBC6-77CBFE2CC96E}.Debug|Any CPU.Build.0 = Debug|Any CPU
		{8FFEAD70-0CE0-4F74-BBC6-77CBFE2CC96E}.Release|Any CPU.ActiveCfg = Release|Any CPU
		{8FFEAD70-0CE0-4F74-BBC6-77CBFE2CC96E}.Release|Any CPU.Build.0 = Release|Any CPU
		{D7EBDE0C-7CA0-43A7-B4F8-24BFEFE81FC2}.Debug|Any CPU.ActiveCfg = Debug|Any CPU
		{D7EBDE0C-7CA0-43A7-B4F8-24BFEFE81FC2}.Debug|Any CPU.Build.0 = Debug|Any CPU
		{D7EBDE0C-7CA0-43A7-B4F8-24BFEFE81FC2}.Release|Any CPU.ActiveCfg = Release|Any CPU
		{D7EBDE0C-7CA0-43A7-B4F8-24BFEFE81FC2}.Release|Any CPU.Build.0 = Release|Any CPU
		{5822D024-D5B9-4E38-AF45-8553D30915EF}.Debug|Any CPU.ActiveCfg = Debug|Any CPU
		{5822D024-D5B9-4E38-AF45-8553D30915EF}.Debug|Any CPU.Build.0 = Debug|Any CPU
		{5822D024-D5B9-4E38-AF45-8553D30915EF}.Release|Any CPU.ActiveCfg = Release|Any CPU
		{5822D024-D5B9-4E38-AF45-8553D30915EF}.Release|Any CPU.Build.0 = Release|Any CPU
	EndGlobalSection
	GlobalSection(SolutionProperties) = preSolution
		HideSolutionNode = FALSE
	EndGlobalSection
	GlobalSection(ExtensibilityGlobals) = postSolution
		SolutionGuid = {C57C0A12-2FB2-475D-A87F-0617E4AA4627}
	EndGlobalSection
EndGlobal
